
Microsoft Visual Studio Solution File, Format Version 12.00
# Visual Studio Version 17
VisualStudioVersion = 17.3.32825.248
MinimumVisualStudioVersion = 10.0.40219.1
Project("{8BC9CEB8-8B4A-11D0-8D11-00A0C91BC942}") = "Project1", "Project1\Project1.vcxproj", "{41A65340-3DAC-4A28-B4D6-7B0031022661}"
EndProject
Project("{8BC9CEB8-8B4A-11D0-8D11-00A0C91BC942}") = "Gehaltsabrechnung", "Gehaltsabrechnung\Gehaltsabrechnung.vcxproj", "{56F64A81-DD3B-4458-B98B-69A1A35FAE52}"
EndProject
Project("{8BC9CEB8-8B4A-11D0-8D11-00A0C91BC942}") = "Aufgabe4.6_Seite221", "Aufgabe4.6_Seite221\Aufgabe4.6_Seite221.vcxproj", "{D2834D1F-9AD2-42F9-901E-7DA9D0E47360}"
EndProject
Project("{8BC9CEB8-8B4A-11D0-8D11-00A0C91BC942}") = "Aufgabe5.1_Seite222", "Aufgabe5.1_Seite222\Aufgabe5.1_Seite222.vcxproj", "{782CC69C-18CB-4881-8475-36C14CE07BD4}"
EndProject
Project("{8BC9CEB8-8B4A-11D0-8D11-00A0C91BC942}") = "Aufgabe5.2_Seite222", "Aufgabe5.2_Seite222\Aufgabe5.2_Seite222.vcxproj", "{44F52B55-8525-48A0-8350-960E5C783831}"
EndProject
Project("{8BC9CEB8-8B4A-11D0-8D11-00A0C91BC942}") = "AufgabeReisekosten", "AufgabeReisekosten\AufgabeReisekosten.vcxproj", "{F9EF6CC8-F9EB-46F4-A21F-C2E93F99A2F3}"
EndProject
Project("{8BC9CEB8-8B4A-11D0-8D11-00A0C91BC942}") = "Zinseszins", "Zinseszins\Zinseszins.vcxproj", "{6860F507-8053-4E9A-8587-F911925C5F48}"
EndProject
Project("{8BC9CEB8-8B4A-11D0-8D11-00A0C91BC942}") = "Aufgabe5.7", "Aufgabe5.7\Aufgabe5.7.vcxproj", "{5877CAEF-3480-4186-99D8-3312CF89E59B}"
EndProject
Project("{8BC9CEB8-8B4A-11D0-8D11-00A0C91BC942}") = "Aufgabe5.4", "Aufgabe5.4\Aufgabe5.4.vcxproj", "{AECF3F1D-FA71-4D76-8435-622B9709BF8F}"
EndProject
Project("{8BC9CEB8-8B4A-11D0-8D11-00A0C91BC942}") = "Aufgabe5.6", "Aufgabe5.6\Aufgabe5.6.vcxproj", "{14EAFBED-C197-4E69-82A1-508AFACF58A9}"
EndProject
Project("{8BC9CEB8-8B4A-11D0-8D11-00A0C91BC942}") = "ChristmasTree", "ChristmasTree\ChristmasTree.vcxproj", "{A75185D0-158E-4126-92EC-8CDB2F53F841}"
EndProject
Project("{8BC9CEB8-8B4A-11D0-8D11-00A0C91BC942}") = "OffeneSchleifen", "OffeneSchleifen\OffeneSchleifen.vcxproj", "{ADE34C9A-6C00-4325-9103-7792F4B51246}"
EndProject
Project("{8BC9CEB8-8B4A-11D0-8D11-00A0C91BC942}") = "OffeneSchleifen2", "OffeneSchleifen2\OffeneSchleife2.vcxproj", "{C88529BD-617C-4C00-A391-704229587B97}"
EndProject
Project("{8BC9CEB8-8B4A-11D0-8D11-00A0C91BC942}") = "Aufgabe6.2", "Aufgabe6.2\Aufgabe6.2.vcxproj", "{5D40A2DA-9E61-450A-9833-659FDB10AB8D}"
EndProject
Project("{2150E333-8FDC-42A3-9474-1A3956D46DE8}") = "Solution Items", "Solution Items", "{A7ED37B2-1A67-420F-98BD-9C1E6E51CCBC}"
	ProjectSection(SolutionItems) = preProject
		README.md = README.md
	EndProjectSection
EndProject
Project("{8BC9CEB8-8B4A-11D0-8D11-00A0C91BC942}") = "FRACHT", "FRACHT\FRACHT.vcxproj", "{2DD0F79A-5FC0-4AD2-BBA5-FE4D92D6382B}"
EndProject
Project("{8BC9CEB8-8B4A-11D0-8D11-00A0C91BC942}") = "DatumWochentag", "DatumWochentag\DatumWochentag.vcxproj", "{B9A5E094-600D-4169-8958-7C213FA522A0}"
EndProject
Project("{8BC9CEB8-8B4A-11D0-8D11-00A0C91BC942}") = "Aufgabe6.4", "Aufgabe6.4\Aufgabe6.4.vcxproj", "{2EDB6985-75CA-48BD-9C9A-7B5E2C2A22B2}"
EndProject
Project("{8BC9CEB8-8B4A-11D0-8D11-00A0C91BC942}") = "Aufgabe6.5", "Aufgabe6.5\Aufgabe6.5.vcxproj", "{BCC49A20-AC9F-4FEF-B7EB-CC579556BC46}"
EndProject
Project("{8BC9CEB8-8B4A-11D0-8D11-00A0C91BC942}") = "Array", "Array\Array.vcxproj", "{427E39C1-3E40-44CF-99C2-FE8BC3A576C7}"
EndProject
Global
	GlobalSection(SolutionConfigurationPlatforms) = preSolution
		Debug|x64 = Debug|x64
		Debug|x86 = Debug|x86
		Release|x64 = Release|x64
		Release|x86 = Release|x86
	EndGlobalSection
	GlobalSection(ProjectConfigurationPlatforms) = postSolution
		{41A65340-3DAC-4A28-B4D6-7B0031022661}.Debug|x64.ActiveCfg = Debug|x64
		{41A65340-3DAC-4A28-B4D6-7B0031022661}.Debug|x64.Build.0 = Debug|x64
		{41A65340-3DAC-4A28-B4D6-7B0031022661}.Debug|x86.ActiveCfg = Debug|Win32
		{41A65340-3DAC-4A28-B4D6-7B0031022661}.Debug|x86.Build.0 = Debug|Win32
		{41A65340-3DAC-4A28-B4D6-7B0031022661}.Release|x64.ActiveCfg = Release|x64
		{41A65340-3DAC-4A28-B4D6-7B0031022661}.Release|x64.Build.0 = Release|x64
		{41A65340-3DAC-4A28-B4D6-7B0031022661}.Release|x86.ActiveCfg = Release|Win32
		{41A65340-3DAC-4A28-B4D6-7B0031022661}.Release|x86.Build.0 = Release|Win32
		{56F64A81-DD3B-4458-B98B-69A1A35FAE52}.Debug|x64.ActiveCfg = Debug|x64
		{56F64A81-DD3B-4458-B98B-69A1A35FAE52}.Debug|x64.Build.0 = Debug|x64
		{56F64A81-DD3B-4458-B98B-69A1A35FAE52}.Debug|x86.ActiveCfg = Debug|Win32
		{56F64A81-DD3B-4458-B98B-69A1A35FAE52}.Debug|x86.Build.0 = Debug|Win32
		{56F64A81-DD3B-4458-B98B-69A1A35FAE52}.Release|x64.ActiveCfg = Release|x64
		{56F64A81-DD3B-4458-B98B-69A1A35FAE52}.Release|x64.Build.0 = Release|x64
		{56F64A81-DD3B-4458-B98B-69A1A35FAE52}.Release|x86.ActiveCfg = Release|Win32
		{56F64A81-DD3B-4458-B98B-69A1A35FAE52}.Release|x86.Build.0 = Release|Win32
		{D2834D1F-9AD2-42F9-901E-7DA9D0E47360}.Debug|x64.ActiveCfg = Debug|x64
		{D2834D1F-9AD2-42F9-901E-7DA9D0E47360}.Debug|x64.Build.0 = Debug|x64
		{D2834D1F-9AD2-42F9-901E-7DA9D0E47360}.Debug|x86.ActiveCfg = Debug|Win32
		{D2834D1F-9AD2-42F9-901E-7DA9D0E47360}.Debug|x86.Build.0 = Debug|Win32
		{D2834D1F-9AD2-42F9-901E-7DA9D0E47360}.Release|x64.ActiveCfg = Release|x64
		{D2834D1F-9AD2-42F9-901E-7DA9D0E47360}.Release|x64.Build.0 = Release|x64
		{D2834D1F-9AD2-42F9-901E-7DA9D0E47360}.Release|x86.ActiveCfg = Release|Win32
		{D2834D1F-9AD2-42F9-901E-7DA9D0E47360}.Release|x86.Build.0 = Release|Win32
		{782CC69C-18CB-4881-8475-36C14CE07BD4}.Debug|x64.ActiveCfg = Debug|x64
		{782CC69C-18CB-4881-8475-36C14CE07BD4}.Debug|x64.Build.0 = Debug|x64
		{782CC69C-18CB-4881-8475-36C14CE07BD4}.Debug|x86.ActiveCfg = Debug|Win32
		{782CC69C-18CB-4881-8475-36C14CE07BD4}.Debug|x86.Build.0 = Debug|Win32
		{782CC69C-18CB-4881-8475-36C14CE07BD4}.Release|x64.ActiveCfg = Release|x64
		{782CC69C-18CB-4881-8475-36C14CE07BD4}.Release|x64.Build.0 = Release|x64
		{782CC69C-18CB-4881-8475-36C14CE07BD4}.Release|x86.ActiveCfg = Release|Win32
		{782CC69C-18CB-4881-8475-36C14CE07BD4}.Release|x86.Build.0 = Release|Win32
		{44F52B55-8525-48A0-8350-960E5C783831}.Debug|x64.ActiveCfg = Debug|x64
		{44F52B55-8525-48A0-8350-960E5C783831}.Debug|x64.Build.0 = Debug|x64
		{44F52B55-8525-48A0-8350-960E5C783831}.Debug|x86.ActiveCfg = Debug|Win32
		{44F52B55-8525-48A0-8350-960E5C783831}.Debug|x86.Build.0 = Debug|Win32
		{44F52B55-8525-48A0-8350-960E5C783831}.Release|x64.ActiveCfg = Release|x64
		{44F52B55-8525-48A0-8350-960E5C783831}.Release|x64.Build.0 = Release|x64
		{44F52B55-8525-48A0-8350-960E5C783831}.Release|x86.ActiveCfg = Release|Win32
		{44F52B55-8525-48A0-8350-960E5C783831}.Release|x86.Build.0 = Release|Win32
		{F9EF6CC8-F9EB-46F4-A21F-C2E93F99A2F3}.Debug|x64.ActiveCfg = Debug|x64
		{F9EF6CC8-F9EB-46F4-A21F-C2E93F99A2F3}.Debug|x64.Build.0 = Debug|x64
		{F9EF6CC8-F9EB-46F4-A21F-C2E93F99A2F3}.Debug|x86.ActiveCfg = Debug|Win32
		{F9EF6CC8-F9EB-46F4-A21F-C2E93F99A2F3}.Debug|x86.Build.0 = Debug|Win32
		{F9EF6CC8-F9EB-46F4-A21F-C2E93F99A2F3}.Release|x64.ActiveCfg = Release|x64
		{F9EF6CC8-F9EB-46F4-A21F-C2E93F99A2F3}.Release|x64.Build.0 = Release|x64
		{F9EF6CC8-F9EB-46F4-A21F-C2E93F99A2F3}.Release|x86.ActiveCfg = Release|Win32
		{F9EF6CC8-F9EB-46F4-A21F-C2E93F99A2F3}.Release|x86.Build.0 = Release|Win32
		{6860F507-8053-4E9A-8587-F911925C5F48}.Debug|x64.ActiveCfg = Debug|x64
		{6860F507-8053-4E9A-8587-F911925C5F48}.Debug|x64.Build.0 = Debug|x64
		{6860F507-8053-4E9A-8587-F911925C5F48}.Debug|x86.ActiveCfg = Debug|Win32
		{6860F507-8053-4E9A-8587-F911925C5F48}.Debug|x86.Build.0 = Debug|Win32
		{6860F507-8053-4E9A-8587-F911925C5F48}.Release|x64.ActiveCfg = Release|x64
		{6860F507-8053-4E9A-8587-F911925C5F48}.Release|x64.Build.0 = Release|x64
		{6860F507-8053-4E9A-8587-F911925C5F48}.Release|x86.ActiveCfg = Release|Win32
		{6860F507-8053-4E9A-8587-F911925C5F48}.Release|x86.Build.0 = Release|Win32
		{5877CAEF-3480-4186-99D8-3312CF89E59B}.Debug|x64.ActiveCfg = Debug|x64
		{5877CAEF-3480-4186-99D8-3312CF89E59B}.Debug|x64.Build.0 = Debug|x64
		{5877CAEF-3480-4186-99D8-3312CF89E59B}.Debug|x86.ActiveCfg = Debug|Win32
		{5877CAEF-3480-4186-99D8-3312CF89E59B}.Debug|x86.Build.0 = Debug|Win32
		{5877CAEF-3480-4186-99D8-3312CF89E59B}.Release|x64.ActiveCfg = Release|x64
		{5877CAEF-3480-4186-99D8-3312CF89E59B}.Release|x64.Build.0 = Release|x64
		{5877CAEF-3480-4186-99D8-3312CF89E59B}.Release|x86.ActiveCfg = Release|Win32
		{5877CAEF-3480-4186-99D8-3312CF89E59B}.Release|x86.Build.0 = Release|Win32
		{AECF3F1D-FA71-4D76-8435-622B9709BF8F}.Debug|x64.ActiveCfg = Debug|x64
		{AECF3F1D-FA71-4D76-8435-622B9709BF8F}.Debug|x64.Build.0 = Debug|x64
		{AECF3F1D-FA71-4D76-8435-622B9709BF8F}.Debug|x86.ActiveCfg = Debug|Win32
		{AECF3F1D-FA71-4D76-8435-622B9709BF8F}.Debug|x86.Build.0 = Debug|Win32
		{AECF3F1D-FA71-4D76-8435-622B9709BF8F}.Release|x64.ActiveCfg = Release|x64
		{AECF3F1D-FA71-4D76-8435-622B9709BF8F}.Release|x64.Build.0 = Release|x64
		{AECF3F1D-FA71-4D76-8435-622B9709BF8F}.Release|x86.ActiveCfg = Release|Win32
		{AECF3F1D-FA71-4D76-8435-622B9709BF8F}.Release|x86.Build.0 = Release|Win32
		{14EAFBED-C197-4E69-82A1-508AFACF58A9}.Debug|x64.ActiveCfg = Debug|x64
		{14EAFBED-C197-4E69-82A1-508AFACF58A9}.Debug|x64.Build.0 = Debug|x64
		{14EAFBED-C197-4E69-82A1-508AFACF58A9}.Debug|x86.ActiveCfg = Debug|Win32
		{14EAFBED-C197-4E69-82A1-508AFACF58A9}.Debug|x86.Build.0 = Debug|Win32
		{14EAFBED-C197-4E69-82A1-508AFACF58A9}.Release|x64.ActiveCfg = Release|x64
		{14EAFBED-C197-4E69-82A1-508AFACF58A9}.Release|x64.Build.0 = Release|x64
		{14EAFBED-C197-4E69-82A1-508AFACF58A9}.Release|x86.ActiveCfg = Release|Win32
		{14EAFBED-C197-4E69-82A1-508AFACF58A9}.Release|x86.Build.0 = Release|Win32
		{A75185D0-158E-4126-92EC-8CDB2F53F841}.Debug|x64.ActiveCfg = Debug|x64
		{A75185D0-158E-4126-92EC-8CDB2F53F841}.Debug|x64.Build.0 = Debug|x64
		{A75185D0-158E-4126-92EC-8CDB2F53F841}.Debug|x86.ActiveCfg = Debug|Win32
		{A75185D0-158E-4126-92EC-8CDB2F53F841}.Debug|x86.Build.0 = Debug|Win32
		{A75185D0-158E-4126-92EC-8CDB2F53F841}.Release|x64.ActiveCfg = Release|x64
		{A75185D0-158E-4126-92EC-8CDB2F53F841}.Release|x64.Build.0 = Release|x64
		{A75185D0-158E-4126-92EC-8CDB2F53F841}.Release|x86.ActiveCfg = Release|Win32
		{A75185D0-158E-4126-92EC-8CDB2F53F841}.Release|x86.Build.0 = Release|Win32
		{ADE34C9A-6C00-4325-9103-7792F4B51246}.Debug|x64.ActiveCfg = Debug|x64
		{ADE34C9A-6C00-4325-9103-7792F4B51246}.Debug|x64.Build.0 = Debug|x64
		{ADE34C9A-6C00-4325-9103-7792F4B51246}.Debug|x86.ActiveCfg = Debug|Win32
		{ADE34C9A-6C00-4325-9103-7792F4B51246}.Debug|x86.Build.0 = Debug|Win32
		{ADE34C9A-6C00-4325-9103-7792F4B51246}.Release|x64.ActiveCfg = Release|x64
		{ADE34C9A-6C00-4325-9103-7792F4B51246}.Release|x64.Build.0 = Release|x64
		{ADE34C9A-6C00-4325-9103-7792F4B51246}.Release|x86.ActiveCfg = Release|Win32
		{ADE34C9A-6C00-4325-9103-7792F4B51246}.Release|x86.Build.0 = Release|Win32
		{C88529BD-617C-4C00-A391-704229587B97}.Debug|x64.ActiveCfg = Debug|x64
		{C88529BD-617C-4C00-A391-704229587B97}.Debug|x64.Build.0 = Debug|x64
		{C88529BD-617C-4C00-A391-704229587B97}.Debug|x86.ActiveCfg = Debug|Win32
		{C88529BD-617C-4C00-A391-704229587B97}.Debug|x86.Build.0 = Debug|Win32
		{C88529BD-617C-4C00-A391-704229587B97}.Release|x64.ActiveCfg = Release|x64
		{C88529BD-617C-4C00-A391-704229587B97}.Release|x64.Build.0 = Release|x64
		{C88529BD-617C-4C00-A391-704229587B97}.Release|x86.ActiveCfg = Release|Win32
		{C88529BD-617C-4C00-A391-704229587B97}.Release|x86.Build.0 = Release|Win32
		{5D40A2DA-9E61-450A-9833-659FDB10AB8D}.Debug|x64.ActiveCfg = Debug|x64
		{5D40A2DA-9E61-450A-9833-659FDB10AB8D}.Debug|x64.Build.0 = Debug|x64
		{5D40A2DA-9E61-450A-9833-659FDB10AB8D}.Debug|x86.ActiveCfg = Debug|Win32
		{5D40A2DA-9E61-450A-9833-659FDB10AB8D}.Debug|x86.Build.0 = Debug|Win32
		{5D40A2DA-9E61-450A-9833-659FDB10AB8D}.Release|x64.ActiveCfg = Release|x64
		{5D40A2DA-9E61-450A-9833-659FDB10AB8D}.Release|x64.Build.0 = Release|x64
		{5D40A2DA-9E61-450A-9833-659FDB10AB8D}.Release|x86.ActiveCfg = Release|Win32
		{5D40A2DA-9E61-450A-9833-659FDB10AB8D}.Release|x86.Build.0 = Release|Win32
		{2DD0F79A-5FC0-4AD2-BBA5-FE4D92D6382B}.Debug|x64.ActiveCfg = Debug|x64
		{2DD0F79A-5FC0-4AD2-BBA5-FE4D92D6382B}.Debug|x64.Build.0 = Debug|x64
		{2DD0F79A-5FC0-4AD2-BBA5-FE4D92D6382B}.Debug|x86.ActiveCfg = Debug|Win32
		{2DD0F79A-5FC0-4AD2-BBA5-FE4D92D6382B}.Debug|x86.Build.0 = Debug|Win32
		{2DD0F79A-5FC0-4AD2-BBA5-FE4D92D6382B}.Release|x64.ActiveCfg = Release|x64
		{2DD0F79A-5FC0-4AD2-BBA5-FE4D92D6382B}.Release|x64.Build.0 = Release|x64
		{2DD0F79A-5FC0-4AD2-BBA5-FE4D92D6382B}.Release|x86.ActiveCfg = Release|Win32
		{2DD0F79A-5FC0-4AD2-BBA5-FE4D92D6382B}.Release|x86.Build.0 = Release|Win32
		{B9A5E094-600D-4169-8958-7C213FA522A0}.Debug|x64.ActiveCfg = Debug|x64
		{B9A5E094-600D-4169-8958-7C213FA522A0}.Debug|x64.Build.0 = Debug|x64
		{B9A5E094-600D-4169-8958-7C213FA522A0}.Debug|x86.ActiveCfg = Debug|Win32
		{B9A5E094-600D-4169-8958-7C213FA522A0}.Debug|x86.Build.0 = Debug|Win32
		{B9A5E094-600D-4169-8958-7C213FA522A0}.Release|x64.ActiveCfg = Release|x64
		{B9A5E094-600D-4169-8958-7C213FA522A0}.Release|x64.Build.0 = Release|x64
		{B9A5E094-600D-4169-8958-7C213FA522A0}.Release|x86.ActiveCfg = Release|Win32
		{B9A5E094-600D-4169-8958-7C213FA522A0}.Release|x86.Build.0 = Release|Win32
		{2EDB6985-75CA-48BD-9C9A-7B5E2C2A22B2}.Debug|x64.ActiveCfg = Debug|x64
		{2EDB6985-75CA-48BD-9C9A-7B5E2C2A22B2}.Debug|x64.Build.0 = Debug|x64
		{2EDB6985-75CA-48BD-9C9A-7B5E2C2A22B2}.Debug|x86.ActiveCfg = Debug|Win32
		{2EDB6985-75CA-48BD-9C9A-7B5E2C2A22B2}.Debug|x86.Build.0 = Debug|Win32
		{2EDB6985-75CA-48BD-9C9A-7B5E2C2A22B2}.Release|x64.ActiveCfg = Release|x64
		{2EDB6985-75CA-48BD-9C9A-7B5E2C2A22B2}.Release|x64.Build.0 = Release|x64
		{2EDB6985-75CA-48BD-9C9A-7B5E2C2A22B2}.Release|x86.ActiveCfg = Release|Win32
		{2EDB6985-75CA-48BD-9C9A-7B5E2C2A22B2}.Release|x86.Build.0 = Release|Win32
		{BCC49A20-AC9F-4FEF-B7EB-CC579556BC46}.Debug|x64.ActiveCfg = Debug|x64
		{BCC49A20-AC9F-4FEF-B7EB-CC579556BC46}.Debug|x64.Build.0 = Debug|x64
		{BCC49A20-AC9F-4FEF-B7EB-CC579556BC46}.Debug|x86.ActiveCfg = Debug|Win32
		{BCC49A20-AC9F-4FEF-B7EB-CC579556BC46}.Debug|x86.Build.0 = Debug|Win32
		{BCC49A20-AC9F-4FEF-B7EB-CC579556BC46}.Release|x64.ActiveCfg = Release|x64
		{BCC49A20-AC9F-4FEF-B7EB-CC579556BC46}.Release|x64.Build.0 = Release|x64
		{BCC49A20-AC9F-4FEF-B7EB-CC579556BC46}.Release|x86.ActiveCfg = Release|Win32
		{BCC49A20-AC9F-4FEF-B7EB-CC579556BC46}.Release|x86.Build.0 = Release|Win32
		{427E39C1-3E40-44CF-99C2-FE8BC3A576C7}.Debug|x64.ActiveCfg = Debug|x64
		{427E39C1-3E40-44CF-99C2-FE8BC3A576C7}.Debug|x64.Build.0 = Debug|x64
		{427E39C1-3E40-44CF-99C2-FE8BC3A576C7}.Debug|x86.ActiveCfg = Debug|Win32
		{427E39C1-3E40-44CF-99C2-FE8BC3A576C7}.Debug|x86.Build.0 = Debug|Win32
		{427E39C1-3E40-44CF-99C2-FE8BC3A576C7}.Release|x64.ActiveCfg = Release|x64
		{427E39C1-3E40-44CF-99C2-FE8BC3A576C7}.Release|x64.Build.0 = Release|x64
		{427E39C1-3E40-44CF-99C2-FE8BC3A576C7}.Release|x86.ActiveCfg = Release|Win32
		{427E39C1-3E40-44CF-99C2-FE8BC3A576C7}.Release|x86.Build.0 = Release|Win32
	EndGlobalSection
	GlobalSection(SolutionProperties) = preSolution
		HideSolutionNode = FALSE
	EndGlobalSection
	GlobalSection(ExtensibilityGlobals) = postSolution
		SolutionGuid = {DC5455F8-3650-47BB-9224-4149C2592F6A}
	EndGlobalSection
EndGlobal
