
Microsoft Visual Studio Solution File, Format Version 12.00
# Visual Studio Version 17
VisualStudioVersion = 17.3.32825.248
MinimumVisualStudioVersion = 10.0.40219.1
Project("{2150E333-8FDC-42A3-9474-1A3956D46DE8}") = "Solution Items", "Solution Items", "{A7ED37B2-1A67-420F-98BD-9C1E6E51CCBC}"
	ProjectSection(SolutionItems) = preProject
		README.md = README.md
	EndProjectSection
EndProject
Project("{8BC9CEB8-8B4A-11D0-8D11-00A0C91BC942}") = "SortAlgorythms", "SortAlgorythms\SortAlgorythms.vcxproj", "{9B3BDB90-BC12-4E66-9D2F-CE16BECBA424}"
EndProject
Project("{8BC9CEB8-8B4A-11D0-8D11-00A0C91BC942}") = "Common", "Common\Common.vcxproj", "{6C52F7E9-7A2E-42F7-B0AD-5EE38928458B}"
EndProject
Project("{8BC9CEB8-8B4A-11D0-8D11-00A0C91BC942}") = "Pointypoint", "Pointypoint\Pointypoint.vcxproj", "{104462A5-D575-4E82-9FB9-95ED6858E6E5}"
EndProject
Project("{8BC9CEB8-8B4A-11D0-8D11-00A0C91BC942}") = "Schülerliste", "Schülerliste\Schülerliste.vcxproj", "{EC8ADBDE-9A5F-4800-AA79-7220EB6F9352}"
EndProject
Project("{8BC9CEB8-8B4A-11D0-8D11-00A0C91BC942}") = "FuncPointypoint", "FuncPointypoint\FuncPointypoint.vcxproj", "{CAC4EAE2-049B-45C5-916A-3166FABA9FD7}"
EndProject
Project("{8BC9CEB8-8B4A-11D0-8D11-00A0C91BC942}") = "Strukturööööön", "Strukturööööön\Strukturööööön.vcxproj", "{B18056F7-E528-4BA3-B350-2FD9C1211D6E}"
EndProject
Project("{8BC9CEB8-8B4A-11D0-8D11-00A0C91BC942}") = "Seite282Aufgabe9.1", "Seite282Aufgabe9.1\Seite282Aufgabe9.1.vcxproj", "{748BDF75-D39D-4E55-AA51-1F077114347D}"
EndProject
Project("{8BC9CEB8-8B4A-11D0-8D11-00A0C91BC942}") = "Seite282Aufgabe9.2", "Seite282Aufgabe9.2\Seite282Aufgabe9.2.vcxproj", "{24669142-568E-4CE6-9111-5F69DEE18F08}"
EndProject
Project("{8BC9CEB8-8B4A-11D0-8D11-00A0C91BC942}") = "TxtSaving", "TxtSaving\TxtSaving.vcxproj", "{63B563E7-6DD8-4E10-8954-AC6122151C1A}"
EndProject
Project("{8BC9CEB8-8B4A-11D0-8D11-00A0C91BC942}") = "Seite283Aufgabe9.3", "Seite283Aufgabe9.3\Seite283Aufgabe9.3.vcxproj", "{40BEFBB5-C90B-48C2-A7A4-025E4BEC9FA6}"
EndProject
Project("{8BC9CEB8-8B4A-11D0-8D11-00A0C91BC942}") = "Listen", "Listen\Listen.vcxproj", "{167D6729-0539-4F31-9157-2C8623BE9CE3}"
EndProject
Global
	GlobalSection(SolutionConfigurationPlatforms) = preSolution
		Debug|x64 = Debug|x64
		Debug|x86 = Debug|x86
		Release|x64 = Release|x64
		Release|x86 = Release|x86
	EndGlobalSection
	GlobalSection(ProjectConfigurationPlatforms) = postSolution
		{9B3BDB90-BC12-4E66-9D2F-CE16BECBA424}.Debug|x64.ActiveCfg = Debug|x64
		{9B3BDB90-BC12-4E66-9D2F-CE16BECBA424}.Debug|x64.Build.0 = Debug|x64
		{9B3BDB90-BC12-4E66-9D2F-CE16BECBA424}.Debug|x86.ActiveCfg = Debug|Win32
		{9B3BDB90-BC12-4E66-9D2F-CE16BECBA424}.Debug|x86.Build.0 = Debug|Win32
		{9B3BDB90-BC12-4E66-9D2F-CE16BECBA424}.Release|x64.ActiveCfg = Release|x64
		{9B3BDB90-BC12-4E66-9D2F-CE16BECBA424}.Release|x64.Build.0 = Release|x64
		{9B3BDB90-BC12-4E66-9D2F-CE16BECBA424}.Release|x86.ActiveCfg = Release|Win32
		{9B3BDB90-BC12-4E66-9D2F-CE16BECBA424}.Release|x86.Build.0 = Release|Win32
		{6C52F7E9-7A2E-42F7-B0AD-5EE38928458B}.Debug|x64.ActiveCfg = Debug|x64
		{6C52F7E9-7A2E-42F7-B0AD-5EE38928458B}.Debug|x64.Build.0 = Debug|x64
		{6C52F7E9-7A2E-42F7-B0AD-5EE38928458B}.Debug|x86.ActiveCfg = Debug|Win32
		{6C52F7E9-7A2E-42F7-B0AD-5EE38928458B}.Debug|x86.Build.0 = Debug|Win32
		{6C52F7E9-7A2E-42F7-B0AD-5EE38928458B}.Release|x64.ActiveCfg = Release|x64
		{6C52F7E9-7A2E-42F7-B0AD-5EE38928458B}.Release|x64.Build.0 = Release|x64
		{6C52F7E9-7A2E-42F7-B0AD-5EE38928458B}.Release|x86.ActiveCfg = Release|Win32
		{6C52F7E9-7A2E-42F7-B0AD-5EE38928458B}.Release|x86.Build.0 = Release|Win32
		{104462A5-D575-4E82-9FB9-95ED6858E6E5}.Debug|x64.ActiveCfg = Debug|x64
		{104462A5-D575-4E82-9FB9-95ED6858E6E5}.Debug|x64.Build.0 = Debug|x64
		{104462A5-D575-4E82-9FB9-95ED6858E6E5}.Debug|x86.ActiveCfg = Debug|Win32
		{104462A5-D575-4E82-9FB9-95ED6858E6E5}.Debug|x86.Build.0 = Debug|Win32
		{104462A5-D575-4E82-9FB9-95ED6858E6E5}.Release|x64.ActiveCfg = Release|x64
		{104462A5-D575-4E82-9FB9-95ED6858E6E5}.Release|x64.Build.0 = Release|x64
		{104462A5-D575-4E82-9FB9-95ED6858E6E5}.Release|x86.ActiveCfg = Release|Win32
		{104462A5-D575-4E82-9FB9-95ED6858E6E5}.Release|x86.Build.0 = Release|Win32
		{EC8ADBDE-9A5F-4800-AA79-7220EB6F9352}.Debug|x64.ActiveCfg = Debug|x64
		{EC8ADBDE-9A5F-4800-AA79-7220EB6F9352}.Debug|x64.Build.0 = Debug|x64
		{EC8ADBDE-9A5F-4800-AA79-7220EB6F9352}.Debug|x86.ActiveCfg = Debug|Win32
		{EC8ADBDE-9A5F-4800-AA79-7220EB6F9352}.Debug|x86.Build.0 = Debug|Win32
		{EC8ADBDE-9A5F-4800-AA79-7220EB6F9352}.Release|x64.ActiveCfg = Release|x64
		{EC8ADBDE-9A5F-4800-AA79-7220EB6F9352}.Release|x64.Build.0 = Release|x64
		{EC8ADBDE-9A5F-4800-AA79-7220EB6F9352}.Release|x86.ActiveCfg = Release|Win32
		{EC8ADBDE-9A5F-4800-AA79-7220EB6F9352}.Release|x86.Build.0 = Release|Win32
		{CAC4EAE2-049B-45C5-916A-3166FABA9FD7}.Debug|x64.ActiveCfg = Debug|x64
		{CAC4EAE2-049B-45C5-916A-3166FABA9FD7}.Debug|x64.Build.0 = Debug|x64
		{CAC4EAE2-049B-45C5-916A-3166FABA9FD7}.Debug|x86.ActiveCfg = Debug|Win32
		{CAC4EAE2-049B-45C5-916A-3166FABA9FD7}.Debug|x86.Build.0 = Debug|Win32
		{CAC4EAE2-049B-45C5-916A-3166FABA9FD7}.Release|x64.ActiveCfg = Release|x64
		{CAC4EAE2-049B-45C5-916A-3166FABA9FD7}.Release|x64.Build.0 = Release|x64
		{CAC4EAE2-049B-45C5-916A-3166FABA9FD7}.Release|x86.ActiveCfg = Release|Win32
		{CAC4EAE2-049B-45C5-916A-3166FABA9FD7}.Release|x86.Build.0 = Release|Win32
		{B18056F7-E528-4BA3-B350-2FD9C1211D6E}.Debug|x64.ActiveCfg = Debug|x64
		{B18056F7-E528-4BA3-B350-2FD9C1211D6E}.Debug|x64.Build.0 = Debug|x64
		{B18056F7-E528-4BA3-B350-2FD9C1211D6E}.Debug|x86.ActiveCfg = Debug|Win32
		{B18056F7-E528-4BA3-B350-2FD9C1211D6E}.Debug|x86.Build.0 = Debug|Win32
		{B18056F7-E528-4BA3-B350-2FD9C1211D6E}.Release|x64.ActiveCfg = Release|x64
		{B18056F7-E528-4BA3-B350-2FD9C1211D6E}.Release|x64.Build.0 = Release|x64
		{B18056F7-E528-4BA3-B350-2FD9C1211D6E}.Release|x86.ActiveCfg = Release|Win32
		{B18056F7-E528-4BA3-B350-2FD9C1211D6E}.Release|x86.Build.0 = Release|Win32
		{748BDF75-D39D-4E55-AA51-1F077114347D}.Debug|x64.ActiveCfg = Debug|x64
		{748BDF75-D39D-4E55-AA51-1F077114347D}.Debug|x64.Build.0 = Debug|x64
		{748BDF75-D39D-4E55-AA51-1F077114347D}.Debug|x86.ActiveCfg = Debug|Win32
		{748BDF75-D39D-4E55-AA51-1F077114347D}.Debug|x86.Build.0 = Debug|Win32
		{748BDF75-D39D-4E55-AA51-1F077114347D}.Release|x64.ActiveCfg = Release|x64
		{748BDF75-D39D-4E55-AA51-1F077114347D}.Release|x64.Build.0 = Release|x64
		{748BDF75-D39D-4E55-AA51-1F077114347D}.Release|x86.ActiveCfg = Release|Win32
		{748BDF75-D39D-4E55-AA51-1F077114347D}.Release|x86.Build.0 = Release|Win32
		{24669142-568E-4CE6-9111-5F69DEE18F08}.Debug|x64.ActiveCfg = Debug|x64
		{24669142-568E-4CE6-9111-5F69DEE18F08}.Debug|x64.Build.0 = Debug|x64
		{24669142-568E-4CE6-9111-5F69DEE18F08}.Debug|x86.ActiveCfg = Debug|Win32
		{24669142-568E-4CE6-9111-5F69DEE18F08}.Debug|x86.Build.0 = Debug|Win32
		{24669142-568E-4CE6-9111-5F69DEE18F08}.Release|x64.ActiveCfg = Release|x64
		{24669142-568E-4CE6-9111-5F69DEE18F08}.Release|x64.Build.0 = Release|x64
		{24669142-568E-4CE6-9111-5F69DEE18F08}.Release|x86.ActiveCfg = Release|Win32
		{24669142-568E-4CE6-9111-5F69DEE18F08}.Release|x86.Build.0 = Release|Win32
		{63B563E7-6DD8-4E10-8954-AC6122151C1A}.Debug|x64.ActiveCfg = Debug|x64
		{63B563E7-6DD8-4E10-8954-AC6122151C1A}.Debug|x64.Build.0 = Debug|x64
		{63B563E7-6DD8-4E10-8954-AC6122151C1A}.Debug|x86.ActiveCfg = Debug|Win32
		{63B563E7-6DD8-4E10-8954-AC6122151C1A}.Debug|x86.Build.0 = Debug|Win32
		{63B563E7-6DD8-4E10-8954-AC6122151C1A}.Release|x64.ActiveCfg = Release|x64
		{63B563E7-6DD8-4E10-8954-AC6122151C1A}.Release|x64.Build.0 = Release|x64
		{63B563E7-6DD8-4E10-8954-AC6122151C1A}.Release|x86.ActiveCfg = Release|Win32
		{63B563E7-6DD8-4E10-8954-AC6122151C1A}.Release|x86.Build.0 = Release|Win32
		{40BEFBB5-C90B-48C2-A7A4-025E4BEC9FA6}.Debug|x64.ActiveCfg = Debug|x64
		{40BEFBB5-C90B-48C2-A7A4-025E4BEC9FA6}.Debug|x64.Build.0 = Debug|x64
		{40BEFBB5-C90B-48C2-A7A4-025E4BEC9FA6}.Debug|x86.ActiveCfg = Debug|Win32
		{40BEFBB5-C90B-48C2-A7A4-025E4BEC9FA6}.Debug|x86.Build.0 = Debug|Win32
		{40BEFBB5-C90B-48C2-A7A4-025E4BEC9FA6}.Release|x64.ActiveCfg = Release|x64
		{40BEFBB5-C90B-48C2-A7A4-025E4BEC9FA6}.Release|x64.Build.0 = Release|x64
		{40BEFBB5-C90B-48C2-A7A4-025E4BEC9FA6}.Release|x86.ActiveCfg = Release|Win32
		{40BEFBB5-C90B-48C2-A7A4-025E4BEC9FA6}.Release|x86.Build.0 = Release|Win32
		{167D6729-0539-4F31-9157-2C8623BE9CE3}.Debug|x64.ActiveCfg = Debug|x64
		{167D6729-0539-4F31-9157-2C8623BE9CE3}.Debug|x64.Build.0 = Debug|x64
		{167D6729-0539-4F31-9157-2C8623BE9CE3}.Debug|x86.ActiveCfg = Debug|Win32
		{167D6729-0539-4F31-9157-2C8623BE9CE3}.Debug|x86.Build.0 = Debug|Win32
		{167D6729-0539-4F31-9157-2C8623BE9CE3}.Release|x64.ActiveCfg = Release|x64
		{167D6729-0539-4F31-9157-2C8623BE9CE3}.Release|x64.Build.0 = Release|x64
		{167D6729-0539-4F31-9157-2C8623BE9CE3}.Release|x86.ActiveCfg = Release|Win32
		{167D6729-0539-4F31-9157-2C8623BE9CE3}.Release|x86.Build.0 = Release|Win32
	EndGlobalSection
	GlobalSection(SolutionProperties) = preSolution
		HideSolutionNode = FALSE
	EndGlobalSection
	GlobalSection(ExtensibilityGlobals) = postSolution
		SolutionGuid = {DC5455F8-3650-47BB-9224-4149C2592F6A}
	EndGlobalSection
EndGlobal
