
Microsoft Visual Studio Solution File, Format Version 12.00
# Visual Studio Version 17
VisualStudioVersion = 17.3.32825.248
MinimumVisualStudioVersion = 10.0.40219.1
Project("{2150E333-8FDC-42A3-9474-1A3956D46DE8}") = "Solution Items", "Solution Items", "{A7ED37B2-1A67-420F-98BD-9C1E6E51CCBC}"
	ProjectSection(SolutionItems) = preProject
		README.md = README.md
	EndProjectSection
EndProject
Project("{FAE04EC0-301F-11D3-BF4B-00C04F79EFBC}") = "Aufgabe5.3.1", "Aufgabe5.3.1\Aufgabe5.3.1.csproj", "{49B8E65C-6CBB-49E6-939C-0A1955C7B67D}"
EndProject
Project("{FAE04EC0-301F-11D3-BF4B-00C04F79EFBC}") = "Aufgabe5.3.2", "Aufgabe5.3.2\Aufgabe5.3.2.csproj", "{8408197B-2A69-46FE-990D-30049151DDB7}"
EndProject
Project("{FAE04EC0-301F-11D3-BF4B-00C04F79EFBC}") = "Fraction", "Fraction\Fraction.csproj", "{EE4ECE53-95FA-4530-992A-DC9C0F3906AB}"
EndProject
Project("{FAE04EC0-301F-11D3-BF4B-00C04F79EFBC}") = "Common.CSharp", "Common.CSharp\Common.CSharp.csproj", "{67E1AC01-744E-4E42-99E9-6513242077D2}"
EndProject
Project("{FAE04EC0-301F-11D3-BF4B-00C04F79EFBC}") = "WindowsFormsApp20240828", "WindowsFormsApp20240828\WindowsFormsApp20240828.csproj", "{7C707C55-9257-4919-963E-F7613DEDE96B}"
EndProject
Global
	GlobalSection(SolutionConfigurationPlatforms) = preSolution
		Debug|Any CPU = Debug|Any CPU
		Debug|x64 = Debug|x64
		Debug|x86 = Debug|x86
		Release|Any CPU = Release|Any CPU
		Release|x64 = Release|x64
		Release|x86 = Release|x86
	EndGlobalSection
	GlobalSection(ProjectConfigurationPlatforms) = postSolution
		{49B8E65C-6CBB-49E6-939C-0A1955C7B67D}.Debug|Any CPU.ActiveCfg = Debug|Any CPU
		{49B8E65C-6CBB-49E6-939C-0A1955C7B67D}.Debug|Any CPU.Build.0 = Debug|Any CPU
		{49B8E65C-6CBB-49E6-939C-0A1955C7B67D}.Debug|x64.ActiveCfg = Debug|Any CPU
		{49B8E65C-6CBB-49E6-939C-0A1955C7B67D}.Debug|x64.Build.0 = Debug|Any CPU
		{49B8E65C-6CBB-49E6-939C-0A1955C7B67D}.Debug|x86.ActiveCfg = Debug|Any CPU
		{49B8E65C-6CBB-49E6-939C-0A1955C7B67D}.Debug|x86.Build.0 = Debug|Any CPU
		{49B8E65C-6CBB-49E6-939C-0A1955C7B67D}.Release|Any CPU.ActiveCfg = Release|Any CPU
		{49B8E65C-6CBB-49E6-939C-0A1955C7B67D}.Release|Any CPU.Build.0 = Release|Any CPU
		{49B8E65C-6CBB-49E6-939C-0A1955C7B67D}.Release|x64.ActiveCfg = Release|Any CPU
		{49B8E65C-6CBB-49E6-939C-0A1955C7B67D}.Release|x64.Build.0 = Release|Any CPU
		{49B8E65C-6CBB-49E6-939C-0A1955C7B67D}.Release|x86.ActiveCfg = Release|Any CPU
		{49B8E65C-6CBB-49E6-939C-0A1955C7B67D}.Release|x86.Build.0 = Release|Any CPU
		{8408197B-2A69-46FE-990D-30049151DDB7}.Debug|Any CPU.ActiveCfg = Debug|Any CPU
		{8408197B-2A69-46FE-990D-30049151DDB7}.Debug|Any CPU.Build.0 = Debug|Any CPU
		{8408197B-2A69-46FE-990D-30049151DDB7}.Debug|x64.ActiveCfg = Debug|Any CPU
		{8408197B-2A69-46FE-990D-30049151DDB7}.Debug|x64.Build.0 = Debug|Any CPU
		{8408197B-2A69-46FE-990D-30049151DDB7}.Debug|x86.ActiveCfg = Debug|Any CPU
		{8408197B-2A69-46FE-990D-30049151DDB7}.Debug|x86.Build.0 = Debug|Any CPU
		{8408197B-2A69-46FE-990D-30049151DDB7}.Release|Any CPU.ActiveCfg = Release|Any CPU
		{8408197B-2A69-46FE-990D-30049151DDB7}.Release|Any CPU.Build.0 = Release|Any CPU
		{8408197B-2A69-46FE-990D-30049151DDB7}.Release|x64.ActiveCfg = Release|Any CPU
		{8408197B-2A69-46FE-990D-30049151DDB7}.Release|x64.Build.0 = Release|Any CPU
		{8408197B-2A69-46FE-990D-30049151DDB7}.Release|x86.ActiveCfg = Release|Any CPU
		{8408197B-2A69-46FE-990D-30049151DDB7}.Release|x86.Build.0 = Release|Any CPU
		{EE4ECE53-95FA-4530-992A-DC9C0F3906AB}.Debug|Any CPU.ActiveCfg = Debug|Any CPU
		{EE4ECE53-95FA-4530-992A-DC9C0F3906AB}.Debug|Any CPU.Build.0 = Debug|Any CPU
		{EE4ECE53-95FA-4530-992A-DC9C0F3906AB}.Debug|x64.ActiveCfg = Debug|Any CPU
		{EE4ECE53-95FA-4530-992A-DC9C0F3906AB}.Debug|x64.Build.0 = Debug|Any CPU
		{EE4ECE53-95FA-4530-992A-DC9C0F3906AB}.Debug|x86.ActiveCfg = Debug|Any CPU
		{EE4ECE53-95FA-4530-992A-DC9C0F3906AB}.Debug|x86.Build.0 = Debug|Any CPU
		{EE4ECE53-95FA-4530-992A-DC9C0F3906AB}.Release|Any CPU.ActiveCfg = Release|Any CPU
		{EE4ECE53-95FA-4530-992A-DC9C0F3906AB}.Release|Any CPU.Build.0 = Release|Any CPU
		{EE4ECE53-95FA-4530-992A-DC9C0F3906AB}.Release|x64.ActiveCfg = Release|Any CPU
		{EE4ECE53-95FA-4530-992A-DC9C0F3906AB}.Release|x64.Build.0 = Release|Any CPU
		{EE4ECE53-95FA-4530-992A-DC9C0F3906AB}.Release|x86.ActiveCfg = Release|Any CPU
		{EE4ECE53-95FA-4530-992A-DC9C0F3906AB}.Release|x86.Build.0 = Release|Any CPU
		{67E1AC01-744E-4E42-99E9-6513242077D2}.Debug|Any CPU.ActiveCfg = Debug|Any CPU
		{67E1AC01-744E-4E42-99E9-6513242077D2}.Debug|Any CPU.Build.0 = Debug|Any CPU
		{67E1AC01-744E-4E42-99E9-6513242077D2}.Debug|x64.ActiveCfg = Debug|Any CPU
		{67E1AC01-744E-4E42-99E9-6513242077D2}.Debug|x64.Build.0 = Debug|Any CPU
		{67E1AC01-744E-4E42-99E9-6513242077D2}.Debug|x86.ActiveCfg = Debug|Any CPU
		{67E1AC01-744E-4E42-99E9-6513242077D2}.Debug|x86.Build.0 = Debug|Any CPU
		{67E1AC01-744E-4E42-99E9-6513242077D2}.Release|Any CPU.ActiveCfg = Release|Any CPU
		{67E1AC01-744E-4E42-99E9-6513242077D2}.Release|Any CPU.Build.0 = Release|Any CPU
		{67E1AC01-744E-4E42-99E9-6513242077D2}.Release|x64.ActiveCfg = Release|Any CPU
		{67E1AC01-744E-4E42-99E9-6513242077D2}.Release|x64.Build.0 = Release|Any CPU
		{67E1AC01-744E-4E42-99E9-6513242077D2}.Release|x86.ActiveCfg = Release|Any CPU
		{67E1AC01-744E-4E42-99E9-6513242077D2}.Release|x86.Build.0 = Release|Any CPU
		{7C707C55-9257-4919-963E-F7613DEDE96B}.Debug|Any CPU.ActiveCfg = Debug|Any CPU
		{7C707C55-9257-4919-963E-F7613DEDE96B}.Debug|Any CPU.Build.0 = Debug|Any CPU
		{7C707C55-9257-4919-963E-F7613DEDE96B}.Debug|x64.ActiveCfg = Debug|Any CPU
		{7C707C55-9257-4919-963E-F7613DEDE96B}.Debug|x64.Build.0 = Debug|Any CPU
		{7C707C55-9257-4919-963E-F7613DEDE96B}.Debug|x86.ActiveCfg = Debug|Any CPU
		{7C707C55-9257-4919-963E-F7613DEDE96B}.Debug|x86.Build.0 = Debug|Any CPU
		{7C707C55-9257-4919-963E-F7613DEDE96B}.Release|Any CPU.ActiveCfg = Release|Any CPU
		{7C707C55-9257-4919-963E-F7613DEDE96B}.Release|Any CPU.Build.0 = Release|Any CPU
		{7C707C55-9257-4919-963E-F7613DEDE96B}.Release|x64.ActiveCfg = Release|Any CPU
		{7C707C55-9257-4919-963E-F7613DEDE96B}.Release|x64.Build.0 = Release|Any CPU
		{7C707C55-9257-4919-963E-F7613DEDE96B}.Release|x86.ActiveCfg = Release|Any CPU
		{7C707C55-9257-4919-963E-F7613DEDE96B}.Release|x86.Build.0 = Release|Any CPU
	EndGlobalSection
	GlobalSection(SolutionProperties) = preSolution
		HideSolutionNode = FALSE
	EndGlobalSection
	GlobalSection(ExtensibilityGlobals) = postSolution
		SolutionGuid = {DC5455F8-3650-47BB-9224-4149C2592F6A}
	EndGlobalSection
EndGlobal
